
Microsoft Visual Studio Solution File, Format Version 12.00
Project("{FAE04EC0-301F-11D3-BF4B-00C04F79EFBC}") = "TP09-EDD2", "TP09-EDD2\TP09-EDD2.csproj", "{B987AC7F-2AEA-4152-B057-A95D096616BD}"
EndProject
Global
	GlobalSection(SolutionConfigurationPlatforms) = preSolution
		Debug|Any CPU = Debug|Any CPU
		Release|Any CPU = Release|Any CPU
	EndGlobalSection
	GlobalSection(ProjectConfigurationPlatforms) = postSolution
		{B987AC7F-2AEA-4152-B057-A95D096616BD}.Debug|Any CPU.ActiveCfg = Debug|Any CPU
		{B987AC7F-2AEA-4152-B057-A95D096616BD}.Debug|Any CPU.Build.0 = Debug|Any CPU
		{B987AC7F-2AEA-4152-B057-A95D096616BD}.Release|Any CPU.ActiveCfg = Release|Any CPU
		{B987AC7F-2AEA-4152-B057-A95D096616BD}.Release|Any CPU.Build.0 = Release|Any CPU
	EndGlobalSection
EndGlobal
